
Microsoft Visual Studio Solution File, Format Version 12.00
# Visual Studio Version 16
VisualStudioVersion = 16.0.29209.62
MinimumVisualStudioVersion = 10.0.40219.1
Project("{FAE04EC0-301F-11D3-BF4B-00C04F79EFBC}") = "AutoFilePermission", "AutoFilePermission.csproj", "{5D5BB0F7-C9A0-40ED-A2ED-305EEEA10614}"
EndProject
Global
	GlobalSection(SolutionConfigurationPlatforms) = preSolution
		Debug|Any CPU = Debug|Any CPU
		Release|Any CPU = Release|Any CPU
	EndGlobalSection
	GlobalSection(ProjectConfigurationPlatforms) = postSolution
		{5D5BB0F7-C9A0-40ED-A2ED-305EEEA10614}.Debug|Any CPU.ActiveCfg = Debug|Any CPU
		{5D5BB0F7-C9A0-40ED-A2ED-305EEEA10614}.Debug|Any CPU.Build.0 = Debug|Any CPU
		{5D5BB0F7-C9A0-40ED-A2ED-305EEEA10614}.Release|Any CPU.ActiveCfg = Release|Any CPU
		{5D5BB0F7-C9A0-40ED-A2ED-305EEEA10614}.Release|Any CPU.Build.0 = Release|Any CPU
	EndGlobalSection
	GlobalSection(SolutionProperties) = preSolution
		HideSolutionNode = FALSE
	EndGlobalSection
	GlobalSection(ExtensibilityGlobals) = postSolution
		SolutionGuid = {988DE1A7-4E99-44C3-8284-08BFBED10A94}
	EndGlobalSection
EndGlobal
